
Microsoft Visual Studio Solution File, Format Version 12.00
# Visual Studio Version 17
VisualStudioVersion = 17.13.35825.156 d17.13
MinimumVisualStudioVersion = 10.0.40219.1
Project("{FAE04EC0-301F-11D3-BF4B-00C04F79EFBC}") = "Banquito", "Banquito\Banquito.csproj", "{26F68818-D9CC-4FE5-ADDF-6970EB4E6797}"
EndProject
Global
	GlobalSection(SolutionConfigurationPlatforms) = preSolution
		Debug|Any CPU = Debug|Any CPU
		Release|Any CPU = Release|Any CPU
	EndGlobalSection
	GlobalSection(ProjectConfigurationPlatforms) = postSolution
		{26F68818-D9CC-4FE5-ADDF-6970EB4E6797}.Debug|Any CPU.ActiveCfg = Debug|Any CPU
		{26F68818-D9CC-4FE5-ADDF-6970EB4E6797}.Debug|Any CPU.Build.0 = Debug|Any CPU
		{26F68818-D9CC-4FE5-ADDF-6970EB4E6797}.Release|Any CPU.ActiveCfg = Release|Any CPU
		{26F68818-D9CC-4FE5-ADDF-6970EB4E6797}.Release|Any CPU.Build.0 = Release|Any CPU
	EndGlobalSection
	GlobalSection(SolutionProperties) = preSolution
		HideSolutionNode = FALSE
	EndGlobalSection
	GlobalSection(ExtensibilityGlobals) = postSolution
		SolutionGuid = {E4C92D55-D602-4ADB-9E6A-BF90AA87DDE0}
	EndGlobalSection
EndGlobal
